
Microsoft Visual Studio Solution File, Format Version 11.00
# Visual Studio 2010
Project("{FAE04EC0-301F-11D3-BF4B-00C04F79EFBC}") = "Assembly-CSharp", "Assembly-CSharp.csproj", "{BE62C6B0-56F5-7BBD-409D-074D969C6CC4}"
EndProject
Project("{FAE04EC0-301F-11D3-BF4B-00C04F79EFBC}") = "Assembly-CSharp-Editor", "Assembly-CSharp-Editor.csproj", "{FC85D39A-2894-99EC-F274-CBD9F80862FE}"
EndProject
Global
	GlobalSection(SolutionConfigurationPlatforms) = preSolution
		Debug|Any CPU = Debug|Any CPU
		Release|Any CPU = Release|Any CPU
	EndGlobalSection
	GlobalSection(ProjectConfigurationPlatforms) = postSolution
		{BE62C6B0-56F5-7BBD-409D-074D969C6CC4}.Debug|Any CPU.ActiveCfg = Debug|Any CPU
		{BE62C6B0-56F5-7BBD-409D-074D969C6CC4}.Debug|Any CPU.Build.0 = Debug|Any CPU
		{BE62C6B0-56F5-7BBD-409D-074D969C6CC4}.Release|Any CPU.ActiveCfg = Release|Any CPU
		{BE62C6B0-56F5-7BBD-409D-074D969C6CC4}.Release|Any CPU.Build.0 = Release|Any CPU
		{FC85D39A-2894-99EC-F274-CBD9F80862FE}.Debug|Any CPU.ActiveCfg = Debug|Any CPU
		{FC85D39A-2894-99EC-F274-CBD9F80862FE}.Debug|Any CPU.Build.0 = Debug|Any CPU
		{FC85D39A-2894-99EC-F274-CBD9F80862FE}.Release|Any CPU.ActiveCfg = Release|Any CPU
		{FC85D39A-2894-99EC-F274-CBD9F80862FE}.Release|Any CPU.Build.0 = Release|Any CPU
	EndGlobalSection
	GlobalSection(SolutionProperties) = preSolution
		HideSolutionNode = FALSE
	EndGlobalSection
	GlobalSection(MonoDevelopProperties) = preSolution
		StartupItem = Assembly-CSharp.csproj
	EndGlobalSection
EndGlobal
